
Microsoft Visual Studio Solution File, Format Version 12.00
# Visual Studio Version 17
VisualStudioVersion = 17.1.32228.430
MinimumVisualStudioVersion = 10.0.40219.1
Project("{FAE04EC0-301F-11D3-BF4B-00C04F79EFBC}") = "SChekalinCsharpModule4task4-1-17", "SChekalinCsharpModule4task4-1-17\SChekalinCsharpModule4task4-1-17.csproj", "{D24E596D-77FB-41A0-9EFF-7B72075C76CC}"
EndProject
Global
	GlobalSection(SolutionConfigurationPlatforms) = preSolution
		Debug|Any CPU = Debug|Any CPU
		Release|Any CPU = Release|Any CPU
	EndGlobalSection
	GlobalSection(ProjectConfigurationPlatforms) = postSolution
		{D24E596D-77FB-41A0-9EFF-7B72075C76CC}.Debug|Any CPU.ActiveCfg = Debug|Any CPU
		{D24E596D-77FB-41A0-9EFF-7B72075C76CC}.Debug|Any CPU.Build.0 = Debug|Any CPU
		{D24E596D-77FB-41A0-9EFF-7B72075C76CC}.Release|Any CPU.ActiveCfg = Release|Any CPU
		{D24E596D-77FB-41A0-9EFF-7B72075C76CC}.Release|Any CPU.Build.0 = Release|Any CPU
	EndGlobalSection
	GlobalSection(SolutionProperties) = preSolution
		HideSolutionNode = FALSE
	EndGlobalSection
	GlobalSection(ExtensibilityGlobals) = postSolution
		SolutionGuid = {C958F98A-07E1-49AF-A746-917C39DE232A}
	EndGlobalSection
EndGlobal
